<?xml version="1.0" encoding="utf-8"?>
<Project ToolsVersion="4.0" xmlns="http://schemas.microsoft.com/developer/msbuild/2003">
  <ItemGroup>
    <Filter Include="소스 파일">
      <UniqueIdentifier>{4FC737F1-C7A5-4376-A066-2A32D752A2FF}</UniqueIdentifier>
      <Extensions>cpp;c;cc;cxx;c++;cppm;ixx;def;odl;idl;hpj;bat;asm;asmx</Extensions>
    </Filter>
    <Filter Include="리소스 파일">
      <UniqueIdentifier>{67DA6AB6-F800-4c08-8B7A-83BB121AAD01}</UniqueIdentifier>
      <Extensions>rc;ico;cur;bmp;dlg;rc2;rct;bin;rgs;gif;jpg;jpeg;jpe;resx;tiff;tif;png;wav;mfcribbon-ms</Extensions>
    </Filter>
    <Filter Include="소스 파일\00. MainGame">
      <UniqueIdentifier>{5dcf423e-f7bf-4252-b76f-e8edcc7d151f}</UniqueIdentifier>
    </Filter>
    <Filter Include="소스 파일\99. Headers">
      <UniqueIdentifier>{96615468-a911-413d-8f52-67645afe3236}</UniqueIdentifier>
    </Filter>
    <Filter Include="소스 파일\01. Manager">
      <UniqueIdentifier>{199e79b9-e208-45d6-9109-c281af1671c1}</UniqueIdentifier>
    </Filter>
    <Filter Include="소스 파일\99. Headers\Andromeda">
      <UniqueIdentifier>{69995f1d-295f-4056-8153-10c6a9954c42}</UniqueIdentifier>
    </Filter>
    <Filter Include="소스 파일\02. Scene">
      <UniqueIdentifier>{683ce6f9-3435-47fa-973b-166363686354}</UniqueIdentifier>
    </Filter>
    <Filter Include="소스 파일\03. Objects">
      <UniqueIdentifier>{79ec7c80-8ea8-4d8d-979a-b99e88fab7f3}</UniqueIdentifier>
    </Filter>
    <Filter Include="소스 파일\02. Scene\Game">
      <UniqueIdentifier>{ba3b765d-ed7c-4c4b-98d6-4a3a9a908774}</UniqueIdentifier>
    </Filter>
    <Filter Include="소스 파일\03. Objects\Game">
      <UniqueIdentifier>{aa9b27a0-36dc-4e37-9d55-7aa848aeb27f}</UniqueIdentifier>
    </Filter>
    <Filter Include="소스 파일\04. Resources">
      <UniqueIdentifier>{a82082b8-090a-44ba-8feb-ee7b9166d6dd}</UniqueIdentifier>
    </Filter>
    <Filter Include="소스 파일\01. Manager\Game">
      <UniqueIdentifier>{a029368d-dacf-46ce-a99e-5be8dce1c46b}</UniqueIdentifier>
    </Filter>
    <Filter Include="소스 파일\02. Scene\Game\Fortress">
      <UniqueIdentifier>{4ceaf6e1-3c08-425d-8319-d1c33a0c16ad}</UniqueIdentifier>
    </Filter>
  </ItemGroup>
  <ItemGroup>
    <ClInclude Include="GameCoding.h">
      <Filter>소스 파일\00. MainGame</Filter>
    </ClInclude>
    <ClInclude Include="pch.h">
      <Filter>소스 파일\99. Headers</Filter>
    </ClInclude>
    <ClInclude Include="Defines.h">
      <Filter>소스 파일\99. Headers</Filter>
    </ClInclude>
    <ClInclude Include="Enums.h">
      <Filter>소스 파일\99. Headers</Filter>
    </ClInclude>
    <ClInclude Include="Types.h">
      <Filter>소스 파일\99. Headers</Filter>
    </ClInclude>
    <ClInclude Include="framework.h">
      <Filter>소스 파일\99. Headers\Andromeda</Filter>
    </ClInclude>
    <ClInclude Include="Resource.h">
      <Filter>소스 파일\99. Headers\Andromeda</Filter>
    </ClInclude>
    <ClInclude Include="targetver.h">
      <Filter>소스 파일\99. Headers\Andromeda</Filter>
    </ClInclude>
    <ClInclude Include="Game.h">
      <Filter>소스 파일\00. MainGame</Filter>
    </ClInclude>
    <ClInclude Include="InputManager.h">
      <Filter>소스 파일\01. Manager</Filter>
    </ClInclude>
    <ClInclude Include="TimeManager.h">
      <Filter>소스 파일\01. Manager</Filter>
    </ClInclude>
    <ClInclude Include="Utils.h">
      <Filter>소스 파일\99. Headers</Filter>
    </ClInclude>
    <ClInclude Include="Scene.h">
      <Filter>소스 파일\02. Scene</Filter>
    </ClInclude>
    <ClInclude Include="SceneManager.h">
      <Filter>소스 파일\01. Manager</Filter>
    </ClInclude>
    <ClInclude Include="DevScene.h">
      <Filter>소스 파일\02. Scene\Game</Filter>
    </ClInclude>
    <ClInclude Include="Object.h">
      <Filter>소스 파일\03. Objects</Filter>
    </ClInclude>
    <ClInclude Include="Player.h">
      <Filter>소스 파일\03. Objects\Game</Filter>
    </ClInclude>
    <ClInclude Include="ObjectManager.h">
      <Filter>소스 파일\01. Manager</Filter>
    </ClInclude>
    <ClInclude Include="EditScene.h">
      <Filter>소스 파일\02. Scene\Game</Filter>
    </ClInclude>
    <ClInclude Include="ResourceBase.h">
      <Filter>소스 파일\04. Resources</Filter>
    </ClInclude>
    <ClInclude Include="LineMesh.h">
      <Filter>소스 파일\04. Resources</Filter>
    </ClInclude>
    <ClInclude Include="ResourceManager.h">
      <Filter>소스 파일\01. Manager</Filter>
    </ClInclude>
    <ClInclude Include="UIManager.h">
      <Filter>소스 파일\01. Manager\Game</Filter>
    </ClInclude>
    <ClInclude Include="Values.h">
      <Filter>소스 파일\99. Headers</Filter>
    </ClInclude>
    <ClInclude Include="MenuScene.h">
      <Filter>소스 파일\02. Scene\Game\Fortress</Filter>
    </ClInclude>
    <ClInclude Include="FortressScene.h">
      <Filter>소스 파일\02. Scene\Game\Fortress</Filter>
    </ClInclude>
    <ClInclude Include="Bullet.h">
      <Filter>소스 파일\03. Objects\Game</Filter>
    </ClInclude>
  </ItemGroup>
  <ItemGroup>
    <ResourceCompile Include="GameCoding.rc">
      <Filter>리소스 파일</Filter>
    </ResourceCompile>
  </ItemGroup>
  <ItemGroup>
    <Image Include="small.ico">
      <Filter>리소스 파일</Filter>
    </Image>
    <Image Include="GameCoding.ico">
      <Filter>리소스 파일</Filter>
    </Image>
  </ItemGroup>
  <ItemGroup>
    <ClCompile Include="GameCoding.cpp">
      <Filter>소스 파일\00. MainGame</Filter>
    </ClCompile>
    <ClCompile Include="pch.cpp">
      <Filter>소스 파일\99. Headers</Filter>
    </ClCompile>
    <ClCompile Include="Game.cpp">
      <Filter>소스 파일\00. MainGame</Filter>
    </ClCompile>
    <ClCompile Include="InputManager.cpp">
      <Filter>소스 파일\01. Manager</Filter>
    </ClCompile>
    <ClCompile Include="TimeManager.cpp">
      <Filter>소스 파일\01. Manager</Filter>
    </ClCompile>
    <ClCompile Include="Utils.cpp">
      <Filter>소스 파일\99. Headers</Filter>
    </ClCompile>
    <ClCompile Include="Scene.cpp">
      <Filter>소스 파일\02. Scene</Filter>
    </ClCompile>
    <ClCompile Include="SceneManager.cpp">
      <Filter>소스 파일\01. Manager</Filter>
    </ClCompile>
    <ClCompile Include="DevScene.cpp">
      <Filter>소스 파일\02. Scene\Game</Filter>
    </ClCompile>
    <ClCompile Include="Object.cpp">
      <Filter>소스 파일\03. Objects</Filter>
    </ClCompile>
    <ClCompile Include="Player.cpp">
      <Filter>소스 파일\03. Objects\Game</Filter>
    </ClCompile>
    <ClCompile Include="ObjectManager.cpp">
      <Filter>소스 파일\01. Manager</Filter>
    </ClCompile>
    <ClCompile Include="EditScene.cpp">
      <Filter>소스 파일\02. Scene\Game</Filter>
    </ClCompile>
    <ClCompile Include="ResourceBase.cpp">
      <Filter>소스 파일\04. Resources</Filter>
    </ClCompile>
    <ClCompile Include="LineMesh.cpp">
      <Filter>소스 파일\04. Resources</Filter>
    </ClCompile>
    <ClCompile Include="ResourceManager.cpp">
      <Filter>소스 파일\01. Manager</Filter>
    </ClCompile>
    <ClCompile Include="UIManager.cpp">
      <Filter>소스 파일\01. Manager\Game</Filter>
    </ClCompile>
    <ClCompile Include="MenuScene.cpp">
      <Filter>소스 파일\02. Scene\Game\Fortress</Filter>
    </ClCompile>
    <ClCompile Include="FortressScene.cpp">
      <Filter>소스 파일\02. Scene\Game\Fortress</Filter>
    </ClCompile>
    <ClCompile Include="Bullet.cpp">
      <Filter>소스 파일\03. Objects\Game</Filter>
    </ClCompile>
  </ItemGroup>
  <ItemGroup>
    <None Include=".editorconfig">
      <Filter>소스 파일\99. Headers\Andromeda</Filter>
    </None>
  </ItemGroup>
</Project>